{
  "requires": true,
  "lockfileVersion": 1,
  "dependencies": {
    "@wmik/use-media-recorder": {
      "version": "1.0.0-alpha.4",
      "resolved": "https://registry.npmjs.org/@wmik/use-media-recorder/-/use-media-recorder-1.0.0-alpha.4.tgz",
      "integrity": "sha512-s/JhI/Akyfhh6COlFhdYyrrgJOVvPkctiRhBMxZiK+qcw3+C+AUUndmx7l6sr2Qu8H7Ea/qiOEZOTOCDioQZ4A=="
    }
  }
}
